
Microsoft Visual Studio Solution File, Format Version 12.00
# Visual Studio Version 16
VisualStudioVersion = 16.0.29709.97
MinimumVisualStudioVersion = 10.0.40219.1
Project("{FAE04EC0-301F-11D3-BF4B-00C04F79EFBC}") = "KissLog.Samples.NetCore20", "KissLog.Samples.NetCore20\KissLog.Samples.NetCore20.csproj", "{93C67217-4DDC-4294-AE62-1AB196C9AA89}"
EndProject
Global
	GlobalSection(SolutionConfigurationPlatforms) = preSolution
		Debug|Any CPU = Debug|Any CPU
		Release|Any CPU = Release|Any CPU
	EndGlobalSection
	GlobalSection(ProjectConfigurationPlatforms) = postSolution
		{93C67217-4DDC-4294-AE62-1AB196C9AA89}.Debug|Any CPU.ActiveCfg = Debug|Any CPU
		{93C67217-4DDC-4294-AE62-1AB196C9AA89}.Debug|Any CPU.Build.0 = Debug|Any CPU
		{93C67217-4DDC-4294-AE62-1AB196C9AA89}.Release|Any CPU.ActiveCfg = Release|Any CPU
		{93C67217-4DDC-4294-AE62-1AB196C9AA89}.Release|Any CPU.Build.0 = Release|Any CPU
	EndGlobalSection
	GlobalSection(SolutionProperties) = preSolution
		HideSolutionNode = FALSE
	EndGlobalSection
	GlobalSection(ExtensibilityGlobals) = postSolution
		SolutionGuid = {C712AC91-F24E-45D0-94F1-843BEAB207F2}
	EndGlobalSection
EndGlobal
