
Microsoft Visual Studio Solution File, Format Version 12.00
# Visual Studio Version 16
VisualStudioVersion = 16.0.30607.51
MinimumVisualStudioVersion = 10.0.40219.1
Project("{FAE04EC0-301F-11D3-BF4B-00C04F79EFBC}") = "NLog-AspNet-MVC", "NLog-AspNet-MVC\NLog-AspNet-MVC.csproj", "{4C444737-0C8B-4E4A-BC58-85F1A30F0608}"
EndProject
Global
	GlobalSection(SolutionConfigurationPlatforms) = preSolution
		Debug|Any CPU = Debug|Any CPU
		Release|Any CPU = Release|Any CPU
	EndGlobalSection
	GlobalSection(ProjectConfigurationPlatforms) = postSolution
		{4C444737-0C8B-4E4A-BC58-85F1A30F0608}.Debug|Any CPU.ActiveCfg = Debug|Any CPU
		{4C444737-0C8B-4E4A-BC58-85F1A30F0608}.Debug|Any CPU.Build.0 = Debug|Any CPU
		{4C444737-0C8B-4E4A-BC58-85F1A30F0608}.Release|Any CPU.ActiveCfg = Release|Any CPU
		{4C444737-0C8B-4E4A-BC58-85F1A30F0608}.Release|Any CPU.Build.0 = Release|Any CPU
	EndGlobalSection
	GlobalSection(SolutionProperties) = preSolution
		HideSolutionNode = FALSE
	EndGlobalSection
	GlobalSection(ExtensibilityGlobals) = postSolution
		SolutionGuid = {DBAF35F1-C46D-4675-BCFE-AE8BD4D23F7A}
	EndGlobalSection
EndGlobal
