
Microsoft Visual Studio Solution File, Format Version 12.00
# Visual Studio Version 16
VisualStudioVersion = 16.0.30717.126
MinimumVisualStudioVersion = 10.0.40219.1
Project("{FAE04EC0-301F-11D3-BF4B-00C04F79EFBC}") = "KissLog-AspNetCore-20", "KissLog-AspNetCore-20\KissLog-AspNetCore-20.csproj", "{006888FD-12F3-4795-9D6B-03D63686D1DC}"
EndProject
Global
	GlobalSection(SolutionConfigurationPlatforms) = preSolution
		Debug|Any CPU = Debug|Any CPU
		Release|Any CPU = Release|Any CPU
	EndGlobalSection
	GlobalSection(ProjectConfigurationPlatforms) = postSolution
		{006888FD-12F3-4795-9D6B-03D63686D1DC}.Debug|Any CPU.ActiveCfg = Debug|Any CPU
		{006888FD-12F3-4795-9D6B-03D63686D1DC}.Debug|Any CPU.Build.0 = Debug|Any CPU
		{006888FD-12F3-4795-9D6B-03D63686D1DC}.Release|Any CPU.ActiveCfg = Release|Any CPU
		{006888FD-12F3-4795-9D6B-03D63686D1DC}.Release|Any CPU.Build.0 = Release|Any CPU
	EndGlobalSection
	GlobalSection(SolutionProperties) = preSolution
		HideSolutionNode = FALSE
	EndGlobalSection
	GlobalSection(ExtensibilityGlobals) = postSolution
		SolutionGuid = {B31D94C7-2FE6-4520-B160-C3B073DB2A93}
	EndGlobalSection
EndGlobal
