
Microsoft Visual Studio Solution File, Format Version 12.00
# Visual Studio Version 16
VisualStudioVersion = 16.0.30607.51
MinimumVisualStudioVersion = 10.0.40219.1
Project("{FAE04EC0-301F-11D3-BF4B-00C04F79EFBC}") = "NLog-AspNet-WebApi", "NLog-AspNet-WebApi\NLog-AspNet-WebApi.csproj", "{DF440E4C-C94F-41CC-9652-287B0F623694}"
EndProject
Global
	GlobalSection(SolutionConfigurationPlatforms) = preSolution
		Debug|Any CPU = Debug|Any CPU
		Release|Any CPU = Release|Any CPU
	EndGlobalSection
	GlobalSection(ProjectConfigurationPlatforms) = postSolution
		{DF440E4C-C94F-41CC-9652-287B0F623694}.Debug|Any CPU.ActiveCfg = Debug|Any CPU
		{DF440E4C-C94F-41CC-9652-287B0F623694}.Debug|Any CPU.Build.0 = Debug|Any CPU
		{DF440E4C-C94F-41CC-9652-287B0F623694}.Release|Any CPU.ActiveCfg = Release|Any CPU
		{DF440E4C-C94F-41CC-9652-287B0F623694}.Release|Any CPU.Build.0 = Release|Any CPU
	EndGlobalSection
	GlobalSection(SolutionProperties) = preSolution
		HideSolutionNode = FALSE
	EndGlobalSection
	GlobalSection(ExtensibilityGlobals) = postSolution
		SolutionGuid = {B92844A5-4996-4605-8A4B-CCC3B87E2095}
	EndGlobalSection
EndGlobal
