
Microsoft Visual Studio Solution File, Format Version 12.00
# Visual Studio Version 17
VisualStudioVersion = 17.2.32630.192
MinimumVisualStudioVersion = 10.0.40219.1
Project("{FAE04EC0-301F-11D3-BF4B-00C04F79EFBC}") = "dotnetcore_3.1_WebApp", "dotnetcore_3.1_WebApp\dotnetcore_3.1_WebApp.csproj", "{39715C31-1498-40E5-A75B-17FF8A3B0613}"
EndProject
Global
	GlobalSection(SolutionConfigurationPlatforms) = preSolution
		Debug|Any CPU = Debug|Any CPU
		Release|Any CPU = Release|Any CPU
	EndGlobalSection
	GlobalSection(ProjectConfigurationPlatforms) = postSolution
		{39715C31-1498-40E5-A75B-17FF8A3B0613}.Debug|Any CPU.ActiveCfg = Debug|Any CPU
		{39715C31-1498-40E5-A75B-17FF8A3B0613}.Debug|Any CPU.Build.0 = Debug|Any CPU
		{39715C31-1498-40E5-A75B-17FF8A3B0613}.Release|Any CPU.ActiveCfg = Release|Any CPU
		{39715C31-1498-40E5-A75B-17FF8A3B0613}.Release|Any CPU.Build.0 = Release|Any CPU
	EndGlobalSection
	GlobalSection(SolutionProperties) = preSolution
		HideSolutionNode = FALSE
	EndGlobalSection
	GlobalSection(ExtensibilityGlobals) = postSolution
		SolutionGuid = {77578452-05EE-4EBE-B4C0-5886DB646848}
	EndGlobalSection
EndGlobal
