
Microsoft Visual Studio Solution File, Format Version 12.00
# Visual Studio Version 16
VisualStudioVersion = 16.0.30717.126
MinimumVisualStudioVersion = 10.0.40219.1
Project("{FAE04EC0-301F-11D3-BF4B-00C04F79EFBC}") = "KissLog-AspNet-MVC", "KissLog-AspNet-MVC\KissLog-AspNet-MVC.csproj", "{6E9ADC8F-3DF6-4DED-93A9-E8E19C6EB3CE}"
EndProject
Global
	GlobalSection(SolutionConfigurationPlatforms) = preSolution
		Debug|Any CPU = Debug|Any CPU
		Release|Any CPU = Release|Any CPU
	EndGlobalSection
	GlobalSection(ProjectConfigurationPlatforms) = postSolution
		{6E9ADC8F-3DF6-4DED-93A9-E8E19C6EB3CE}.Debug|Any CPU.ActiveCfg = Debug|Any CPU
		{6E9ADC8F-3DF6-4DED-93A9-E8E19C6EB3CE}.Debug|Any CPU.Build.0 = Debug|Any CPU
		{6E9ADC8F-3DF6-4DED-93A9-E8E19C6EB3CE}.Release|Any CPU.ActiveCfg = Release|Any CPU
		{6E9ADC8F-3DF6-4DED-93A9-E8E19C6EB3CE}.Release|Any CPU.Build.0 = Release|Any CPU
	EndGlobalSection
	GlobalSection(SolutionProperties) = preSolution
		HideSolutionNode = FALSE
	EndGlobalSection
	GlobalSection(ExtensibilityGlobals) = postSolution
		SolutionGuid = {F443C503-A5F6-4039-8148-6A11C61D8558}
	EndGlobalSection
EndGlobal
