
Microsoft Visual Studio Solution File, Format Version 12.00
# Visual Studio Version 16
VisualStudioVersion = 16.0.29728.190
MinimumVisualStudioVersion = 10.0.40219.1
Project("{FAE04EC0-301F-11D3-BF4B-00C04F79EFBC}") = "KissLog.Samples.WindowsService", "KissLog.Samples.WindowsService\KissLog.Samples.WindowsService.csproj", "{20AE4CE9-D723-418D-B1AC-FDCBC436E2AA}"
EndProject
Global
	GlobalSection(SolutionConfigurationPlatforms) = preSolution
		Debug|Any CPU = Debug|Any CPU
		Release|Any CPU = Release|Any CPU
	EndGlobalSection
	GlobalSection(ProjectConfigurationPlatforms) = postSolution
		{20AE4CE9-D723-418D-B1AC-FDCBC436E2AA}.Debug|Any CPU.ActiveCfg = Debug|Any CPU
		{20AE4CE9-D723-418D-B1AC-FDCBC436E2AA}.Debug|Any CPU.Build.0 = Debug|Any CPU
		{20AE4CE9-D723-418D-B1AC-FDCBC436E2AA}.Release|Any CPU.ActiveCfg = Release|Any CPU
		{20AE4CE9-D723-418D-B1AC-FDCBC436E2AA}.Release|Any CPU.Build.0 = Release|Any CPU
	EndGlobalSection
	GlobalSection(SolutionProperties) = preSolution
		HideSolutionNode = FALSE
	EndGlobalSection
	GlobalSection(ExtensibilityGlobals) = postSolution
		SolutionGuid = {ECA95125-FCFA-4DD5-8695-EF429995E97E}
	EndGlobalSection
EndGlobal
