
Microsoft Visual Studio Solution File, Format Version 12.00
# Visual Studio Version 17
VisualStudioVersion = 17.2.32630.192
MinimumVisualStudioVersion = 10.0.40219.1
Project("{FAE04EC0-301F-11D3-BF4B-00C04F79EFBC}") = "dotnet6_ConsoleApp", "dotnet6_ConsoleApp\dotnet6_ConsoleApp.csproj", "{DDB2AE30-39F8-4E9E-8619-99731C430D64}"
EndProject
Global
	GlobalSection(SolutionConfigurationPlatforms) = preSolution
		Debug|Any CPU = Debug|Any CPU
		Release|Any CPU = Release|Any CPU
	EndGlobalSection
	GlobalSection(ProjectConfigurationPlatforms) = postSolution
		{DDB2AE30-39F8-4E9E-8619-99731C430D64}.Debug|Any CPU.ActiveCfg = Debug|Any CPU
		{DDB2AE30-39F8-4E9E-8619-99731C430D64}.Debug|Any CPU.Build.0 = Debug|Any CPU
		{DDB2AE30-39F8-4E9E-8619-99731C430D64}.Release|Any CPU.ActiveCfg = Release|Any CPU
		{DDB2AE30-39F8-4E9E-8619-99731C430D64}.Release|Any CPU.Build.0 = Release|Any CPU
	EndGlobalSection
	GlobalSection(SolutionProperties) = preSolution
		HideSolutionNode = FALSE
	EndGlobalSection
	GlobalSection(ExtensibilityGlobals) = postSolution
		SolutionGuid = {1990333C-959E-4E81-8123-CD4EC40F2596}
	EndGlobalSection
EndGlobal
