
Microsoft Visual Studio Solution File, Format Version 12.00
# Visual Studio Version 17
VisualStudioVersion = 17.2.32630.192
MinimumVisualStudioVersion = 10.0.40219.1
Project("{FAE04EC0-301F-11D3-BF4B-00C04F79EFBC}") = "dotnet6_WebApp", "dotnet6_WebApp\dotnet6_WebApp.csproj", "{1A3F1750-BBD7-4DA3-8469-63BE5847ECE9}"
EndProject
Global
	GlobalSection(SolutionConfigurationPlatforms) = preSolution
		Debug|Any CPU = Debug|Any CPU
		Release|Any CPU = Release|Any CPU
	EndGlobalSection
	GlobalSection(ProjectConfigurationPlatforms) = postSolution
		{1A3F1750-BBD7-4DA3-8469-63BE5847ECE9}.Debug|Any CPU.ActiveCfg = Debug|Any CPU
		{1A3F1750-BBD7-4DA3-8469-63BE5847ECE9}.Debug|Any CPU.Build.0 = Debug|Any CPU
		{1A3F1750-BBD7-4DA3-8469-63BE5847ECE9}.Release|Any CPU.ActiveCfg = Release|Any CPU
		{1A3F1750-BBD7-4DA3-8469-63BE5847ECE9}.Release|Any CPU.Build.0 = Release|Any CPU
	EndGlobalSection
	GlobalSection(SolutionProperties) = preSolution
		HideSolutionNode = FALSE
	EndGlobalSection
	GlobalSection(ExtensibilityGlobals) = postSolution
		SolutionGuid = {5E83513A-FE53-45A5-A7C0-67B34E54C514}
	EndGlobalSection
EndGlobal
