
Microsoft Visual Studio Solution File, Format Version 12.00
# Visual Studio Version 17
VisualStudioVersion = 17.2.32630.192
MinimumVisualStudioVersion = 10.0.40219.1
Project("{FAE04EC0-301F-11D3-BF4B-00C04F79EFBC}") = "dotnet6_WorkerService", "dotnet6_WorkerService\dotnet6_WorkerService.csproj", "{3CD70B00-9D37-4385-8008-AD6B1EB3B46D}"
EndProject
Global
	GlobalSection(SolutionConfigurationPlatforms) = preSolution
		Debug|Any CPU = Debug|Any CPU
		Release|Any CPU = Release|Any CPU
	EndGlobalSection
	GlobalSection(ProjectConfigurationPlatforms) = postSolution
		{3CD70B00-9D37-4385-8008-AD6B1EB3B46D}.Debug|Any CPU.ActiveCfg = Debug|Any CPU
		{3CD70B00-9D37-4385-8008-AD6B1EB3B46D}.Debug|Any CPU.Build.0 = Debug|Any CPU
		{3CD70B00-9D37-4385-8008-AD6B1EB3B46D}.Release|Any CPU.ActiveCfg = Release|Any CPU
		{3CD70B00-9D37-4385-8008-AD6B1EB3B46D}.Release|Any CPU.Build.0 = Release|Any CPU
	EndGlobalSection
	GlobalSection(SolutionProperties) = preSolution
		HideSolutionNode = FALSE
	EndGlobalSection
	GlobalSection(ExtensibilityGlobals) = postSolution
		SolutionGuid = {0D1AA7A4-4530-44C9-90F3-F34A30055931}
	EndGlobalSection
EndGlobal
